
Microsoft Visual Studio Solution File, Format Version 12.00
# Visual Studio Version 17
VisualStudioVersion = 17.8.34511.84
MinimumVisualStudioVersion = 10.0.40219.1
Project("{FAE04EC0-301F-11D3-BF4B-00C04F79EFBC}") = "Event-Management", "Event-Management\Event-Management.csproj", "{408E7C27-A7B1-4E99-BF0B-9A4E436328FE}"
EndProject
Global
	GlobalSection(SolutionConfigurationPlatforms) = preSolution
		Debug|Any CPU = Debug|Any CPU
		Release|Any CPU = Release|Any CPU
	EndGlobalSection
	GlobalSection(ProjectConfigurationPlatforms) = postSolution
		{408E7C27-A7B1-4E99-BF0B-9A4E436328FE}.Debug|Any CPU.ActiveCfg = Debug|Any CPU
		{408E7C27-A7B1-4E99-BF0B-9A4E436328FE}.Debug|Any CPU.Build.0 = Debug|Any CPU
		{408E7C27-A7B1-4E99-BF0B-9A4E436328FE}.Release|Any CPU.ActiveCfg = Release|Any CPU
		{408E7C27-A7B1-4E99-BF0B-9A4E436328FE}.Release|Any CPU.Build.0 = Release|Any CPU
	EndGlobalSection
	GlobalSection(SolutionProperties) = preSolution
		HideSolutionNode = FALSE
	EndGlobalSection
	GlobalSection(ExtensibilityGlobals) = postSolution
		SolutionGuid = {C8C7DEE6-8FC1-421F-BB73-D55AF11E3DF0}
	EndGlobalSection
EndGlobal
